<?xml version="1.0" encoding="UTF-8" standalone="yes" ?>
<CodeBlocks_project_file>
	<FileVersion major="1" minor="6" />
	<Project>
		<Option title="SieJC" />
		<Option pch_mode="2" />
		<Option compiler="armelfgcc" />
		<Build>
			<Target title="NSG">
				<Option output="../../Platform/elfs/%PROJECT_NAME%/%TARGET_NAME%%PROJECT_NAME%.elf" prefix_auto="0" extension_auto="0" />
				<Option object_output="../../WTObj/Objects/$(PROJECT_NAME)/$(TARGET_NAME)/" />
				<Option type="1" />
				<Option compiler="armelfgcc" />
				<Compiler>
					<Add option="-DNEWSGOLD" />
				</Compiler>
			</Target>
			<Target title="SG">
				<Option output="../../Platform/elfs/%PROJECT_NAME%/%TARGET_NAME%%PROJECT_NAME%.elf" prefix_auto="0" extension_auto="0" />
				<Option object_output="../../WTObj/Objects/$(PROJECT_NAME)/$(TARGET_NAME)/" />
				<Option type="1" />
				<Option compiler="armelfgcc" />
				<Compiler>
					<Add option="-DSGOLD" />
				</Compiler>
			</Target>
			<Target title="ELKA">
				<Option output="../../Platform/elfs/%PROJECT_NAME%/%TARGET_NAME%%PROJECT_NAME%.elf" prefix_auto="0" extension_auto="0" />
				<Option object_output="../../WTObj/Objects/$(PROJECT_NAME)/$(TARGET_NAME)/" />
				<Option type="1" />
				<Option compiler="armelfgcc" />
				<Compiler>
					<Add option="-DNEWSGOLD" />
					<Add option="-DELKA" />
				</Compiler>
			</Target>
		</Build>
		<Compiler>
			<Add option="-mthumb" />
			<Add option="-O2" />
			<Add option="-W" />
			<Add option="-std=gnu99" />
			<Add option="-D__NO_LIBC" />
			<Add directory="../include" />
		</Compiler>
		<Linker>
			<Add option="-s" />
			<Add option="--defsym __ex=0" />
			<Add option="--gc-section" />
			<Add library="gcc-4.6.1" />
			<Add library="z-1.2.5" />
			<Add library="crt" />
			<Add library="crt_helper" />
			<Add directory="../libs" />
		</Linker>
		<Unit filename="JID_Enter_UI.c">
			<Option compilerVar="CC" />
		</Unit>
		<Unit filename="JID_Enter_UI.h" />
		<Unit filename="MUC_Enter_UI.c">
			<Option compilerVar="CC" />
		</Unit>
		<Unit filename="MUC_Enter_UI.h" />
		<Unit filename="adv_login.c">
			<Option compilerVar="CC" />
		</Unit>
		<Unit filename="adv_login.h" />
		<Unit filename="base64.c">
			<Option compilerVar="CC" />
		</Unit>
		<Unit filename="base64.h" />
		<Unit filename="bookmarks.c">
			<Option compilerVar="CC" />
		</Unit>
		<Unit filename="bookmarks.h" />
		<Unit filename="clist_util.c">
			<Option compilerVar="CC" />
		</Unit>
		<Unit filename="clist_util.h" />
		<Unit filename="color.c">
			<Option compilerVar="CC" />
		</Unit>
		<Unit filename="color.h" />
		<Unit filename="conf_loader.c">
			<Option compilerVar="CC" />
		</Unit>
		<Unit filename="conf_loader.h" />
		<Unit filename="config_color.c">
			<Option compilerVar="CC" />
			<Option compiler="armelfgcc" use="1" buildCommand="$compiler $options -xc $includes -c $file -o $object -O0" />
		</Unit>
		<Unit filename="config_data.c">
			<Option compilerVar="CC" />
			<Option compiler="armelfgcc" use="1" buildCommand="$compiler $options -xc $includes -c $file -o $object -O0" />
		</Unit>
		<Unit filename="config_iconbar.c">
			<Option compilerVar="CC" />
			<Option compiler="armelfgcc" use="1" buildCommand="$compiler $options -xc $includes -c $file -o $object -O0" />
		</Unit>
		<Unit filename="cont_menu.c">
			<Option compilerVar="CC" />
		</Unit>
		<Unit filename="cont_menu.h" />
		<Unit filename="groups_util.c">
			<Option compilerVar="CC" />
		</Unit>
		<Unit filename="groups_util.h" />
		<Unit filename="history.c">
			<Option compilerVar="CC" />
		</Unit>
		<Unit filename="history.h" />
		<Unit filename="item_info.c">
			<Option compilerVar="CC" />
		</Unit>
		<Unit filename="item_info.h" />
		<Unit filename="jabber.h" />
		<Unit filename="jabber_util.c">
			<Option compilerVar="CC" />
		</Unit>
		<Unit filename="jabber_util.h" />
		<Unit filename="lang.h" />
		<Unit filename="main.c">
			<Option compilerVar="CC" />
		</Unit>
		<Unit filename="main.h" />
		<Unit filename="mainmenu.c">
			<Option compilerVar="CC" />
		</Unit>
		<Unit filename="mainmenu.h" />
		<Unit filename="md5.c">
			<Option compilerVar="CC" />
		</Unit>
		<Unit filename="md5.h" />
		<Unit filename="message_cmds.c">
			<Option compilerVar="CC" />
		</Unit>
		<Unit filename="message_cmds.h" />
		<Unit filename="message_list.c">
			<Option compilerVar="CC" />
		</Unit>
		<Unit filename="message_list.h" />
		<Unit filename="moods.c">
			<Option compilerVar="CC" />
		</Unit>
		<Unit filename="moods.h" />
		<Unit filename="platform.h" />
		<Unit filename="rect_patcher.h" />
		<Unit filename="revision.h" />
		<Unit filename="roster_icons.c">
			<Option compilerVar="CC" />
		</Unit>
		<Unit filename="roster_icons.h" />
		<Unit filename="select_smile.c">
			<Option compilerVar="CC" />
		</Unit>
		<Unit filename="select_smile.h" />
		<Unit filename="serial_dbg.c">
			<Option compilerVar="CC" />
		</Unit>
		<Unit filename="serial_dbg.h" />
		<Unit filename="setlang.h" />
		<Unit filename="siejc_ipc.h" />
		<Unit filename="smiles.c">
			<Option compilerVar="CC" />
		</Unit>
		<Unit filename="smiles.h" />
		<Unit filename="stat_info.c">
			<Option compilerVar="CC" />
		</Unit>
		<Unit filename="stat_info.h" />
		<Unit filename="status_change.c">
			<Option compilerVar="CC" />
		</Unit>
		<Unit filename="status_change.h" />
		<Unit filename="string_util.c">
			<Option compilerVar="CC" />
		</Unit>
		<Unit filename="string_util.h" />
		<Unit filename="transports_icons.c">
			<Option compilerVar="CC" />
		</Unit>
		<Unit filename="transports_icons.h" />
		<Unit filename="vCard.c">
			<Option compilerVar="CC" />
		</Unit>
		<Unit filename="vCard.h" />
		<Unit filename="xml_common.h" />
		<Unit filename="xml_gen.c">
			<Option compilerVar="CC" />
		</Unit>
		<Unit filename="xml_gen.h" />
		<Unit filename="xml_parser.c">
			<Option compilerVar="CC" />
		</Unit>
		<Unit filename="xml_parser.h" />
		<Extensions>
			<envvars />
			<code_completion />
			<debugger />
		</Extensions>
	</Project>
</CodeBlocks_project_file>
