<?xml version="1.0" encoding="UTF-8" standalone="yes" ?>
<CodeBlocks_project_file>
	<FileVersion major="1" minor="6" />
	<Project>
		<Option title="crt" />
		<Option pch_mode="2" />
		<Option compiler="armelfgcc" />
		<Build>
			<Target title="lib">
				<Option output="../../Platform/libs/%TARGET_NAME%%PROJECT_NAME%.a" prefix_auto="0" extension_auto="0" />
				<Option working_dir="" />
				<Option object_output="../../WTObj/Objects/$(PROJECT_NAME)/$(TARGET_NAME)/" />
				<Option type="2" />
				<Option compiler="armelfgcc" />
				<Compiler>
					<Add option="-Wmain" />
				</Compiler>
			</Target>
		</Build>
		<Compiler>
			<Add option="-marm" />
			<Add option="-msoft-float" />
			<Add option="-W" />
			<Add option="-D__NO_LIBC" />
		</Compiler>
		<Unit filename="__cxa_atexit.cpp" />
		<Unit filename="main.c">
			<Option compilerVar="CC" />
		</Unit>
		<Extensions>
			<envvars />
			<code_completion />
			<debugger />
		</Extensions>
	</Project>
</CodeBlocks_project_file>
